// !$*UTF8*$!
{
	archiveVersion = 1;
	classes = {
	};
	objectVersion = 46;
	objects = {

/* Begin PBXBuildFile section */
		5F6110AB1A41F4DD00B83410 /* CFNetwork.framework in Frameworks */ = {isa = PBXBuildFile; fileRef = 5F6110A51A41F48000B83410 /* CFNetwork.framework */; };
		5F6110AC1A41F4E500B83410 /* CoreGraphics.framework in Frameworks */ = {isa = PBXBuildFile; fileRef = 5F6110A71A41F48800B83410 /* CoreGraphics.framework */; };
		5F6110AD1A41F4EA00B83410 /* AVFoundation.framework in Frameworks */ = {isa = PBXBuildFile; fileRef = 5F6110A31A41F47100B83410 /* AVFoundation.framework */; };
		5F6110AE1A41F4F000B83410 /* AudioToolbox.framework in Frameworks */ = {isa = PBXBuildFile; fileRef = 5F6110A11A41F45A00B83410 /* AudioToolbox.framework */; };
		5F6110B21A41F54200B83410 /* Foundation.framework in Frameworks */ = {isa = PBXBuildFile; fileRef = 5F6110B01A41F53600B83410 /* Foundation.framework */; };
		5F6110B51A41F55600B83410 /* Security.framework in Frameworks */ = {isa = PBXBuildFile; fileRef = 5F6110B31A41F54A00B83410 /* Security.framework */; };
		5F6110B81A41F57400B83410 /* SystemConfiguration.framework in Frameworks */ = {isa = PBXBuildFile; fileRef = 5F6110B61A41F56800B83410 /* SystemConfiguration.framework */; };
		5F6110BB1A41F58700B83410 /* UIKit.framework in Frameworks */ = {isa = PBXBuildFile; fileRef = 5F6110B91A41F57B00B83410 /* UIKit.framework */; };
		5F6110C61A42014000B83410 /* TextToSpeech.swift in Sources */ = {isa = PBXBuildFile; fileRef = 5F6110C51A42014000B83410 /* TextToSpeech.swift */; };
		5F744B381A420B2400F4C675 /* Task.swift in Sources */ = {isa = PBXBuildFile; fileRef = 5F744B371A420B2400F4C675 /* Task.swift */; };
		5F744B3A1A420BA900F4C675 /* TaskType.swift in Sources */ = {isa = PBXBuildFile; fileRef = 5F744B391A420BA900F4C675 /* TaskType.swift */; };
		5F744B3C1A420C3800F4C675 /* AlertType.swift in Sources */ = {isa = PBXBuildFile; fileRef = 5F744B3B1A420C3800F4C675 /* AlertType.swift */; };
		5F744B3E1A420CA900F4C675 /* RepeatType.swift in Sources */ = {isa = PBXBuildFile; fileRef = 5F744B3D1A420CA900F4C675 /* RepeatType.swift */; };
		5F744B411A420E9400F4C675 /* SwiftyJSON.swift in Sources */ = {isa = PBXBuildFile; fileRef = 5F744B401A420E9400F4C675 /* SwiftyJSON.swift */; };
		5F744B751A421A5400F4C675 /* AlarmsViewController.swift in Sources */ = {isa = PBXBuildFile; fileRef = 5F744B741A421A5400F4C675 /* AlarmsViewController.swift */; };
		5F744B771A421C3A00F4C675 /* TasksViewController.swift in Sources */ = {isa = PBXBuildFile; fileRef = 5F744B761A421C3A00F4C675 /* TasksViewController.swift */; };
		5F744B791A421C7E00F4C675 /* WeatherViewController.swift in Sources */ = {isa = PBXBuildFile; fileRef = 5F744B781A421C7E00F4C675 /* WeatherViewController.swift */; };
		5F744B7B1A421C8E00F4C675 /* NewsViewController.swift in Sources */ = {isa = PBXBuildFile; fileRef = 5F744B7A1A421C8E00F4C675 /* NewsViewController.swift */; };
		5F744B901A42229D00F4C675 /* WeatherManager.swift in Sources */ = {isa = PBXBuildFile; fileRef = 5F744B8F1A42229D00F4C675 /* WeatherManager.swift */; };
		5F744B921A4223BF00F4C675 /* Weather.swift in Sources */ = {isa = PBXBuildFile; fileRef = 5F744B911A4223BF00F4C675 /* Weather.swift */; };
		5F7F372C1A425956004B7439 /* Settings.swift in Sources */ = {isa = PBXBuildFile; fileRef = 5F7F372B1A425956004B7439 /* Settings.swift */; };
		5F7F372F1A42649A004B7439 /* AlarmDetailViewController.swift in Sources */ = {isa = PBXBuildFile; fileRef = 5F7F372E1A42649A004B7439 /* AlarmDetailViewController.swift */; };
		5F80FF121A4369EB00727E25 /* LocationManager.swift in Sources */ = {isa = PBXBuildFile; fileRef = 5F80FF111A4369EB00727E25 /* LocationManager.swift */; };
		5F80FF151A43B30B00727E25 /* InstallViewController.swift in Sources */ = {isa = PBXBuildFile; fileRef = 5F80FF141A43B30B00727E25 /* InstallViewController.swift */; };
		5F80FF171A43B3A400727E25 /* User.swift in Sources */ = {isa = PBXBuildFile; fileRef = 5F80FF161A43B3A400727E25 /* User.swift */; };
		5F9B14871A44AD2100613E44 /* alarmsday.png in Resources */ = {isa = PBXBuildFile; fileRef = 5F9B14831A44AD2100613E44 /* alarmsday.png */; };
		5F9B14881A44AD2100613E44 /* alarmsnight.png in Resources */ = {isa = PBXBuildFile; fileRef = 5F9B14841A44AD2100613E44 /* alarmsnight.png */; };
		5F9B14891A44AD2100613E44 /* weatherday.png in Resources */ = {isa = PBXBuildFile; fileRef = 5F9B14851A44AD2100613E44 /* weatherday.png */; };
		5F9B148A1A44AD2100613E44 /* weathernight.png in Resources */ = {isa = PBXBuildFile; fileRef = 5F9B14861A44AD2100613E44 /* weathernight.png */; };
		5F9B148C1A44CAEC00613E44 /* white.png in Resources */ = {isa = PBXBuildFile; fileRef = 5F9B148B1A44CAEC00613E44 /* white.png */; };
		5FA383EC1A4208AE0013B102 /* CoreLocation.framework in Frameworks */ = {isa = PBXBuildFile; fileRef = 5FA383EA1A4208A30013B102 /* CoreLocation.framework */; };
		5FC32F421A423B0600F9EB26 /* Alamofire.framework in Copy Files (1 item) */ = {isa = PBXBuildFile; fileRef = 5FC32F3C1A4239FA00F9EB26 /* Alamofire.framework */; settings = {ATTRIBUTES = (CodeSignOnCopy, RemoveHeadersOnCopy, ); }; };
		5FC32F441A4257B200F9EB26 /* Alarm.swift in Sources */ = {isa = PBXBuildFile; fileRef = 5FC32F431A4257B200F9EB26 /* Alarm.swift */; };
		5FE8640E1A41ECEA00BB8808 /* AppDelegate.swift in Sources */ = {isa = PBXBuildFile; fileRef = 5FE8640D1A41ECEA00BB8808 /* AppDelegate.swift */; };
		5FE864151A41ECEA00BB8808 /* Main.storyboard in Resources */ = {isa = PBXBuildFile; fileRef = 5FE864131A41ECEA00BB8808 /* Main.storyboard */; };
		5FE864171A41ECEA00BB8808 /* Images.xcassets in Resources */ = {isa = PBXBuildFile; fileRef = 5FE864161A41ECEA00BB8808 /* Images.xcassets */; };
		5FE8641A1A41ECEA00BB8808 /* LaunchScreen.xib in Resources */ = {isa = PBXBuildFile; fileRef = 5FE864181A41ECEA00BB8808 /* LaunchScreen.xib */; };
		5FE864261A41ECEA00BB8808 /* GoodMorningTests.swift in Sources */ = {isa = PBXBuildFile; fileRef = 5FE864251A41ECEA00BB8808 /* GoodMorningTests.swift */; };
		5FFC6CB91A43532400993B28 /* add121.png in Resources */ = {isa = PBXBuildFile; fileRef = 5FFC6CA51A43532400993B28 /* add121.png */; };
		5FFC6CBA1A43532400993B28 /* approve9.png in Resources */ = {isa = PBXBuildFile; fileRef = 5FFC6CA61A43532400993B28 /* approve9.png */; };
		5FFC6CBB1A43532400993B28 /* back28.png in Resources */ = {isa = PBXBuildFile; fileRef = 5FFC6CA71A43532400993B28 /* back28.png */; };
		5FFC6CBC1A43532400993B28 /* chat44.png in Resources */ = {isa = PBXBuildFile; fileRef = 5FFC6CA81A43532400993B28 /* chat44.png */; };
		5FFC6CBD1A43532400993B28 /* circular191.png in Resources */ = {isa = PBXBuildFile; fileRef = 5FFC6CA91A43532400993B28 /* circular191.png */; };
		5FFC6CBE1A43532400993B28 /* circular194.png in Resources */ = {isa = PBXBuildFile; fileRef = 5FFC6CAA1A43532400993B28 /* circular194.png */; };
		5FFC6CBF1A43532400993B28 /* close33.png in Resources */ = {isa = PBXBuildFile; fileRef = 5FFC6CAB1A43532400993B28 /* close33.png */; };
		5FFC6CC01A43532400993B28 /* configuration12.png in Resources */ = {isa = PBXBuildFile; fileRef = 5FFC6CAC1A43532400993B28 /* configuration12.png */; };
		5FFC6CC11A43532400993B28 /* double89.png in Resources */ = {isa = PBXBuildFile; fileRef = 5FFC6CAD1A43532400993B28 /* double89.png */; };
		5FFC6CC21A43532400993B28 /* down51.png in Resources */ = {isa = PBXBuildFile; fileRef = 5FFC6CAE1A43532400993B28 /* down51.png */; };
		5FFC6CC31A43532400993B28 /* exclamation22.png in Resources */ = {isa = PBXBuildFile; fileRef = 5FFC6CAF1A43532400993B28 /* exclamation22.png */; };
		5FFC6CC41A43532400993B28 /* favourite15.png in Resources */ = {isa = PBXBuildFile; fileRef = 5FFC6CB01A43532400993B28 /* favourite15.png */; };
		5FFC6CC51A43532400993B28 /* internet28.png in Resources */ = {isa = PBXBuildFile; fileRef = 5FFC6CB11A43532400993B28 /* internet28.png */; };
		5FFC6CC61A43532400993B28 /* like47.png in Resources */ = {isa = PBXBuildFile; fileRef = 5FFC6CB21A43532400993B28 /* like47.png */; };
		5FFC6CC71A43532400993B28 /* menu33.png in Resources */ = {isa = PBXBuildFile; fileRef = 5FFC6CB31A43532400993B28 /* menu33.png */; };
		5FFC6CC81A43532400993B28 /* minus65.png in Resources */ = {isa = PBXBuildFile; fileRef = 5FFC6CB41A43532400993B28 /* minus65.png */; };
		5FFC6CC91A43532400993B28 /* mode.png in Resources */ = {isa = PBXBuildFile; fileRef = 5FFC6CB51A43532400993B28 /* mode.png */; };
		5FFC6CCA1A43532400993B28 /* placeholder14.png in Resources */ = {isa = PBXBuildFile; fileRef = 5FFC6CB61A43532400993B28 /* placeholder14.png */; };
		5FFC6CCB1A43532400993B28 /* right127.png in Resources */ = {isa = PBXBuildFile; fileRef = 5FFC6CB71A43532400993B28 /* right127.png */; };
		5FFC6CCC1A43532400993B28 /* search67.png in Resources */ = {isa = PBXBuildFile; fileRef = 5FFC6CB81A43532400993B28 /* search67.png */; };
/* End PBXBuildFile section */

/* Begin PBXContainerItemProxy section */
		5FC32F3B1A4239FA00F9EB26 /* PBXContainerItemProxy */ = {
			isa = PBXContainerItemProxy;
			containerPortal = 5FC32F361A4239FA00F9EB26 /* Alamofire.xcodeproj */;
			proxyType = 2;
			remoteGlobalIDString = F8111E3319A95C8B0040E7D1;
			remoteInfo = Alamofire;
		};
		5FC32F3D1A4239FA00F9EB26 /* PBXContainerItemProxy */ = {
			isa = PBXContainerItemProxy;
			containerPortal = 5FC32F361A4239FA00F9EB26 /* Alamofire.xcodeproj */;
			proxyType = 2;
			remoteGlobalIDString = F8111E3E19A95C8B0040E7D1;
			remoteInfo = AlamofireTests;
		};
		5FC32F3F1A423AAC00F9EB26 /* PBXContainerItemProxy */ = {
			isa = PBXContainerItemProxy;
			containerPortal = 5FC32F361A4239FA00F9EB26 /* Alamofire.xcodeproj */;
			proxyType = 1;
			remoteGlobalIDString = F8111E3219A95C8B0040E7D1;
			remoteInfo = Alamofire;
		};
		5FE864201A41ECEA00BB8808 /* PBXContainerItemProxy */ = {
			isa = PBXContainerItemProxy;
			containerPortal = 5FE864001A41ECEA00BB8808 /* Project object */;
			proxyType = 1;
			remoteGlobalIDString = 5FE864071A41ECEA00BB8808;
			remoteInfo = GoodMorning;
		};
/* End PBXContainerItemProxy section */

/* Begin PBXCopyFilesBuildPhase section */
		5FC32F411A423AC400F9EB26 /* Copy Files (1 item) */ = {
			isa = PBXCopyFilesBuildPhase;
			buildActionMask = 2147483647;
			dstPath = "";
			dstSubfolderSpec = 10;
			files = (
				5FC32F421A423B0600F9EB26 /* Alamofire.framework in Copy Files (1 item) */,
			);
			name = "Copy Files (1 item)";
			runOnlyForDeploymentPostprocessing = 0;
		};
/* End PBXCopyFilesBuildPhase section */

/* Begin PBXFileReference section */
		5F6110A11A41F45A00B83410 /* AudioToolbox.framework */ = {isa = PBXFileReference; lastKnownFileType = wrapper.framework; name = AudioToolbox.framework; path = System/Library/Frameworks/AudioToolbox.framework; sourceTree = SDKROOT; };
		5F6110A31A41F47100B83410 /* AVFoundation.framework */ = {isa = PBXFileReference; lastKnownFileType = wrapper.framework; name = AVFoundation.framework; path = System/Library/Frameworks/AVFoundation.framework; sourceTree = SDKROOT; };
		5F6110A51A41F48000B83410 /* CFNetwork.framework */ = {isa = PBXFileReference; lastKnownFileType = wrapper.framework; name = CFNetwork.framework; path = System/Library/Frameworks/CFNetwork.framework; sourceTree = SDKROOT; };
		5F6110A71A41F48800B83410 /* CoreGraphics.framework */ = {isa = PBXFileReference; lastKnownFileType = wrapper.framework; name = CoreGraphics.framework; path = System/Library/Frameworks/CoreGraphics.framework; sourceTree = SDKROOT; };
		5F6110B01A41F53600B83410 /* Foundation.framework */ = {isa = PBXFileReference; lastKnownFileType = wrapper.framework; name = Foundation.framework; path = System/Library/Frameworks/Foundation.framework; sourceTree = SDKROOT; };
		5F6110B31A41F54A00B83410 /* Security.framework */ = {isa = PBXFileReference; lastKnownFileType = wrapper.framework; name = Security.framework; path = System/Library/Frameworks/Security.framework; sourceTree = SDKROOT; };
		5F6110B61A41F56800B83410 /* SystemConfiguration.framework */ = {isa = PBXFileReference; lastKnownFileType = wrapper.framework; name = SystemConfiguration.framework; path = System/Library/Frameworks/SystemConfiguration.framework; sourceTree = SDKROOT; };
		5F6110B91A41F57B00B83410 /* UIKit.framework */ = {isa = PBXFileReference; lastKnownFileType = wrapper.framework; name = UIKit.framework; path = System/Library/Frameworks/UIKit.framework; sourceTree = SDKROOT; };
		5F6110C51A42014000B83410 /* TextToSpeech.swift */ = {isa = PBXFileReference; fileEncoding = 4; lastKnownFileType = sourcecode.swift; path = TextToSpeech.swift; sourceTree = "<group>"; };
		5F744B371A420B2400F4C675 /* Task.swift */ = {isa = PBXFileReference; fileEncoding = 4; lastKnownFileType = sourcecode.swift; path = Task.swift; sourceTree = "<group>"; };
		5F744B391A420BA900F4C675 /* TaskType.swift */ = {isa = PBXFileReference; fileEncoding = 4; lastKnownFileType = sourcecode.swift; path = TaskType.swift; sourceTree = "<group>"; };
		5F744B3B1A420C3800F4C675 /* AlertType.swift */ = {isa = PBXFileReference; fileEncoding = 4; lastKnownFileType = sourcecode.swift; path = AlertType.swift; sourceTree = "<group>"; };
		5F744B3D1A420CA900F4C675 /* RepeatType.swift */ = {isa = PBXFileReference; fileEncoding = 4; lastKnownFileType = sourcecode.swift; path = RepeatType.swift; sourceTree = "<group>"; };
		5F744B3F1A420E9400F4C675 /* SwiftyJSON.h */ = {isa = PBXFileReference; fileEncoding = 4; lastKnownFileType = sourcecode.c.h; name = SwiftyJSON.h; path = "../../../Downloads/SwiftyJSON-master/SwiftyJSON/SwiftyJSON.h"; sourceTree = "<group>"; };
		5F744B401A420E9400F4C675 /* SwiftyJSON.swift */ = {isa = PBXFileReference; fileEncoding = 4; lastKnownFileType = sourcecode.swift; name = SwiftyJSON.swift; path = "../../../Downloads/SwiftyJSON-master/SwiftyJSON/SwiftyJSON.swift"; sourceTree = "<group>"; };
		5F744B741A421A5400F4C675 /* AlarmsViewController.swift */ = {isa = PBXFileReference; fileEncoding = 4; lastKnownFileType = sourcecode.swift; path = AlarmsViewController.swift; sourceTree = "<group>"; };
		5F744B761A421C3A00F4C675 /* TasksViewController.swift */ = {isa = PBXFileReference; fileEncoding = 4; lastKnownFileType = sourcecode.swift; path = TasksViewController.swift; sourceTree = "<group>"; };
		5F744B781A421C7E00F4C675 /* WeatherViewController.swift */ = {isa = PBXFileReference; fileEncoding = 4; lastKnownFileType = sourcecode.swift; name = WeatherViewController.swift; path = ../WeatherViewController.swift; sourceTree = "<group>"; };
		5F744B7A1A421C8E00F4C675 /* NewsViewController.swift */ = {isa = PBXFileReference; fileEncoding = 4; lastKnownFileType = sourcecode.swift; name = NewsViewController.swift; path = ../NewsViewController.swift; sourceTree = "<group>"; };
		5F744B7C1A421EEF00F4C675 /* GoodMorning-Bridging-Header.h */ = {isa = PBXFileReference; lastKnownFileType = sourcecode.c.h; path = "GoodMorning-Bridging-Header.h"; sourceTree = "<group>"; };
		5F744B8F1A42229D00F4C675 /* WeatherManager.swift */ = {isa = PBXFileReference; fileEncoding = 4; lastKnownFileType = sourcecode.swift; path = WeatherManager.swift; sourceTree = "<group>"; };
		5F744B911A4223BF00F4C675 /* Weather.swift */ = {isa = PBXFileReference; fileEncoding = 4; lastKnownFileType = sourcecode.swift; path = Weather.swift; sourceTree = "<group>"; };
		5F7F372B1A425956004B7439 /* Settings.swift */ = {isa = PBXFileReference; fileEncoding = 4; lastKnownFileType = sourcecode.swift; path = Settings.swift; sourceTree = "<group>"; };
		5F7F372E1A42649A004B7439 /* AlarmDetailViewController.swift */ = {isa = PBXFileReference; fileEncoding = 4; lastKnownFileType = sourcecode.swift; path = AlarmDetailViewController.swift; sourceTree = "<group>"; };
		5F80FF111A4369EB00727E25 /* LocationManager.swift */ = {isa = PBXFileReference; fileEncoding = 4; lastKnownFileType = sourcecode.swift; path = LocationManager.swift; sourceTree = "<group>"; };
		5F80FF141A43B30B00727E25 /* InstallViewController.swift */ = {isa = PBXFileReference; fileEncoding = 4; lastKnownFileType = sourcecode.swift; path = InstallViewController.swift; sourceTree = "<group>"; };
		5F80FF161A43B3A400727E25 /* User.swift */ = {isa = PBXFileReference; fileEncoding = 4; lastKnownFileType = sourcecode.swift; path = User.swift; sourceTree = "<group>"; };
		5F9B14831A44AD2100613E44 /* alarmsday.png */ = {isa = PBXFileReference; lastKnownFileType = image.png; path = alarmsday.png; sourceTree = "<group>"; };
		5F9B14841A44AD2100613E44 /* alarmsnight.png */ = {isa = PBXFileReference; lastKnownFileType = image.png; path = alarmsnight.png; sourceTree = "<group>"; };
		5F9B14851A44AD2100613E44 /* weatherday.png */ = {isa = PBXFileReference; lastKnownFileType = image.png; path = weatherday.png; sourceTree = "<group>"; };
		5F9B14861A44AD2100613E44 /* weathernight.png */ = {isa = PBXFileReference; lastKnownFileType = image.png; path = weathernight.png; sourceTree = "<group>"; };
		5F9B148B1A44CAEC00613E44 /* white.png */ = {isa = PBXFileReference; lastKnownFileType = image.png; path = white.png; sourceTree = "<group>"; };
		5FA383EA1A4208A30013B102 /* CoreLocation.framework */ = {isa = PBXFileReference; lastKnownFileType = wrapper.framework; name = CoreLocation.framework; path = System/Library/Frameworks/CoreLocation.framework; sourceTree = SDKROOT; };
		5FC32F361A4239FA00F9EB26 /* Alamofire.xcodeproj */ = {isa = PBXFileReference; lastKnownFileType = "wrapper.pb-project"; name = Alamofire.xcodeproj; path = Alamofire/Alamofire.xcodeproj; sourceTree = "<group>"; };
		5FC32F431A4257B200F9EB26 /* Alarm.swift */ = {isa = PBXFileReference; fileEncoding = 4; lastKnownFileType = sourcecode.swift; path = Alarm.swift; sourceTree = "<group>"; };
		5FE864081A41ECEA00BB8808 /* GoodMorning.app */ = {isa = PBXFileReference; explicitFileType = wrapper.application; includeInIndex = 0; path = GoodMorning.app; sourceTree = BUILT_PRODUCTS_DIR; };
		5FE8640C1A41ECEA00BB8808 /* Info.plist */ = {isa = PBXFileReference; lastKnownFileType = text.plist.xml; path = Info.plist; sourceTree = "<group>"; };
		5FE8640D1A41ECEA00BB8808 /* AppDelegate.swift */ = {isa = PBXFileReference; lastKnownFileType = sourcecode.swift; path = AppDelegate.swift; sourceTree = "<group>"; };
		5FE864141A41ECEA00BB8808 /* Base */ = {isa = PBXFileReference; lastKnownFileType = file.storyboard; name = Base; path = Base.lproj/Main.storyboard; sourceTree = "<group>"; };
		5FE864161A41ECEA00BB8808 /* Images.xcassets */ = {isa = PBXFileReference; lastKnownFileType = folder.assetcatalog; path = Images.xcassets; sourceTree = "<group>"; };
		5FE864191A41ECEA00BB8808 /* Base */ = {isa = PBXFileReference; lastKnownFileType = file.xib; name = Base; path = Base.lproj/LaunchScreen.xib; sourceTree = "<group>"; };
		5FE8641F1A41ECEA00BB8808 /* GoodMorningTests.xctest */ = {isa = PBXFileReference; explicitFileType = wrapper.cfbundle; includeInIndex = 0; path = GoodMorningTests.xctest; sourceTree = BUILT_PRODUCTS_DIR; };
		5FE864241A41ECEA00BB8808 /* Info.plist */ = {isa = PBXFileReference; lastKnownFileType = text.plist.xml; path = Info.plist; sourceTree = "<group>"; };
		5FE864251A41ECEA00BB8808 /* GoodMorningTests.swift */ = {isa = PBXFileReference; lastKnownFileType = sourcecode.swift; path = GoodMorningTests.swift; sourceTree = "<group>"; };
		5FFC6CA51A43532400993B28 /* add121.png */ = {isa = PBXFileReference; lastKnownFileType = image.png; path = add121.png; sourceTree = "<group>"; };
		5FFC6CA61A43532400993B28 /* approve9.png */ = {isa = PBXFileReference; lastKnownFileType = image.png; path = approve9.png; sourceTree = "<group>"; };
		5FFC6CA71A43532400993B28 /* back28.png */ = {isa = PBXFileReference; lastKnownFileType = image.png; path = back28.png; sourceTree = "<group>"; };
		5FFC6CA81A43532400993B28 /* chat44.png */ = {isa = PBXFileReference; lastKnownFileType = image.png; path = chat44.png; sourceTree = "<group>"; };
		5FFC6CA91A43532400993B28 /* circular191.png */ = {isa = PBXFileReference; lastKnownFileType = image.png; path = circular191.png; sourceTree = "<group>"; };
		5FFC6CAA1A43532400993B28 /* circular194.png */ = {isa = PBXFileReference; lastKnownFileType = image.png; path = circular194.png; sourceTree = "<group>"; };
		5FFC6CAB1A43532400993B28 /* close33.png */ = {isa = PBXFileReference; lastKnownFileType = image.png; path = close33.png; sourceTree = "<group>"; };
		5FFC6CAC1A43532400993B28 /* configuration12.png */ = {isa = PBXFileReference; lastKnownFileType = image.png; path = configuration12.png; sourceTree = "<group>"; };
		5FFC6CAD1A43532400993B28 /* double89.png */ = {isa = PBXFileReference; lastKnownFileType = image.png; path = double89.png; sourceTree = "<group>"; };
		5FFC6CAE1A43532400993B28 /* down51.png */ = {isa = PBXFileReference; lastKnownFileType = image.png; path = down51.png; sourceTree = "<group>"; };
		5FFC6CAF1A43532400993B28 /* exclamation22.png */ = {isa = PBXFileReference; lastKnownFileType = image.png; path = exclamation22.png; sourceTree = "<group>"; };
		5FFC6CB01A43532400993B28 /* favourite15.png */ = {isa = PBXFileReference; lastKnownFileType = image.png; path = favourite15.png; sourceTree = "<group>"; };
		5FFC6CB11A43532400993B28 /* internet28.png */ = {isa = PBXFileReference; lastKnownFileType = image.png; path = internet28.png; sourceTree = "<group>"; };
		5FFC6CB21A43532400993B28 /* like47.png */ = {isa = PBXFileReference; lastKnownFileType = image.png; path = like47.png; sourceTree = "<group>"; };
		5FFC6CB31A43532400993B28 /* menu33.png */ = {isa = PBXFileReference; lastKnownFileType = image.png; path = menu33.png; sourceTree = "<group>"; };
		5FFC6CB41A43532400993B28 /* minus65.png */ = {isa = PBXFileReference; lastKnownFileType = image.png; path = minus65.png; sourceTree = "<group>"; };
		5FFC6CB51A43532400993B28 /* mode.png */ = {isa = PBXFileReference; lastKnownFileType = image.png; path = mode.png; sourceTree = "<group>"; };
		5FFC6CB61A43532400993B28 /* placeholder14.png */ = {isa = PBXFileReference; lastKnownFileType = image.png; path = placeholder14.png; sourceTree = "<group>"; };
		5FFC6CB71A43532400993B28 /* right127.png */ = {isa = PBXFileReference; lastKnownFileType = image.png; path = right127.png; sourceTree = "<group>"; };
		5FFC6CB81A43532400993B28 /* search67.png */ = {isa = PBXFileReference; lastKnownFileType = image.png; path = search67.png; sourceTree = "<group>"; };
/* End PBXFileReference section */

/* Begin PBXFrameworksBuildPhase section */
		5FE864051A41ECEA00BB8808 /* Frameworks */ = {
			isa = PBXFrameworksBuildPhase;
			buildActionMask = 2147483647;
			files = (
				5FA383EC1A4208AE0013B102 /* CoreLocation.framework in Frameworks */,
				5F6110BB1A41F58700B83410 /* UIKit.framework in Frameworks */,
				5F6110B81A41F57400B83410 /* SystemConfiguration.framework in Frameworks */,
				5F6110B51A41F55600B83410 /* Security.framework in Frameworks */,
				5F6110B21A41F54200B83410 /* Foundation.framework in Frameworks */,
				5F6110AE1A41F4F000B83410 /* AudioToolbox.framework in Frameworks */,
				5F6110AD1A41F4EA00B83410 /* AVFoundation.framework in Frameworks */,
				5F6110AC1A41F4E500B83410 /* CoreGraphics.framework in Frameworks */,
				5F6110AB1A41F4DD00B83410 /* CFNetwork.framework in Frameworks */,
			);
			runOnlyForDeploymentPostprocessing = 0;
		};
		5FE8641C1A41ECEA00BB8808 /* Frameworks */ = {
			isa = PBXFrameworksBuildPhase;
			buildActionMask = 2147483647;
			files = (
			);
			runOnlyForDeploymentPostprocessing = 0;
		};
/* End PBXFrameworksBuildPhase section */

/* Begin PBXGroup section */
		5F6110A91A41F4AA00B83410 /* Classes */ = {
			isa = PBXGroup;
			children = (
				5F744B8E1A42227200F4C675 /* Models */,
				5F744B8D1A42225200F4C675 /* Libraries */,
				5F744B8B1A42223600F4C675 /* Controllers */,
				5FE8640D1A41ECEA00BB8808 /* AppDelegate.swift */,
				5F744B7C1A421EEF00F4C675 /* GoodMorning-Bridging-Header.h */,
			);
			name = Classes;
			sourceTree = "<group>";
		};
		5F6110AA1A41F4BD00B83410 /* Frameworks */ = {
			isa = PBXGroup;
			children = (
				5FA383EA1A4208A30013B102 /* CoreLocation.framework */,
				5F6110B91A41F57B00B83410 /* UIKit.framework */,
				5F6110B61A41F56800B83410 /* SystemConfiguration.framework */,
				5F6110B31A41F54A00B83410 /* Security.framework */,
				5F6110B01A41F53600B83410 /* Foundation.framework */,
				5F6110A71A41F48800B83410 /* CoreGraphics.framework */,
				5F6110A51A41F48000B83410 /* CFNetwork.framework */,
				5F6110A31A41F47100B83410 /* AVFoundation.framework */,
				5F6110A11A41F45A00B83410 /* AudioToolbox.framework */,
			);
			name = Frameworks;
			sourceTree = "<group>";
		};
		5F6110BC1A41F59200B83410 /* Resources */ = {
			isa = PBXGroup;
			children = (
				5FFC6CA41A43532400993B28 /* png */,
				5FE864181A41ECEA00BB8808 /* LaunchScreen.xib */,
				5FE864131A41ECEA00BB8808 /* Main.storyboard */,
				5FE864161A41ECEA00BB8808 /* Images.xcassets */,
			);
			name = Resources;
			sourceTree = "<group>";
		};
		5F744B8B1A42223600F4C675 /* Controllers */ = {
			isa = PBXGroup;
			children = (
				5F744B7A1A421C8E00F4C675 /* NewsViewController.swift */,
				5F744B781A421C7E00F4C675 /* WeatherViewController.swift */,
				5F744B741A421A5400F4C675 /* AlarmsViewController.swift */,
				5F744B761A421C3A00F4C675 /* TasksViewController.swift */,
				5F7F372E1A42649A004B7439 /* AlarmDetailViewController.swift */,
				5F80FF141A43B30B00727E25 /* InstallViewController.swift */,
			);
			name = Controllers;
			sourceTree = "<group>";
		};
		5F744B8D1A42225200F4C675 /* Libraries */ = {
			isa = PBXGroup;
			children = (
				5F744B3F1A420E9400F4C675 /* SwiftyJSON.h */,
				5F744B401A420E9400F4C675 /* SwiftyJSON.swift */,
			);
			name = Libraries;
			sourceTree = "<group>";
		};
		5F744B8E1A42227200F4C675 /* Models */ = {
			isa = PBXGroup;
			children = (
				5F6110C51A42014000B83410 /* TextToSpeech.swift */,
				5F744B371A420B2400F4C675 /* Task.swift */,
				5F744B391A420BA900F4C675 /* TaskType.swift */,
				5F744B3B1A420C3800F4C675 /* AlertType.swift */,
				5F744B3D1A420CA900F4C675 /* RepeatType.swift */,
				5F744B8F1A42229D00F4C675 /* WeatherManager.swift */,
				5F744B911A4223BF00F4C675 /* Weather.swift */,
				5FC32F431A4257B200F9EB26 /* Alarm.swift */,
				5F7F372B1A425956004B7439 /* Settings.swift */,
				5F80FF111A4369EB00727E25 /* LocationManager.swift */,
				5F80FF161A43B3A400727E25 /* User.swift */,
			);
			name = Models;
			sourceTree = "<group>";
		};
		5FC32F371A4239FA00F9EB26 /* Products */ = {
			isa = PBXGroup;
			children = (
				5FC32F3C1A4239FA00F9EB26 /* Alamofire.framework */,
				5FC32F3E1A4239FA00F9EB26 /* AlamofireTests.xctest */,
			);
			name = Products;
			sourceTree = "<group>";
		};
		5FE863FF1A41ECEA00BB8808 = {
			isa = PBXGroup;
			children = (
				5FE8640A1A41ECEA00BB8808 /* GoodMorning */,
				5FE864221A41ECEA00BB8808 /* GoodMorningTests */,
				5FE864091A41ECEA00BB8808 /* Products */,
				5FC32F361A4239FA00F9EB26 /* Alamofire.xcodeproj */,
			);
			sourceTree = "<group>";
		};
		5FE864091A41ECEA00BB8808 /* Products */ = {
			isa = PBXGroup;
			children = (
				5FE864081A41ECEA00BB8808 /* GoodMorning.app */,
				5FE8641F1A41ECEA00BB8808 /* GoodMorningTests.xctest */,
			);
			name = Products;
			sourceTree = "<group>";
		};
		5FE8640A1A41ECEA00BB8808 /* GoodMorning */ = {
			isa = PBXGroup;
			children = (
				5F6110AA1A41F4BD00B83410 /* Frameworks */,
				5F6110A91A41F4AA00B83410 /* Classes */,
				5F6110BC1A41F59200B83410 /* Resources */,
				5FE8640B1A41ECEA00BB8808 /* Supporting Files */,
			);
			path = GoodMorning;
			sourceTree = "<group>";
		};
		5FE8640B1A41ECEA00BB8808 /* Supporting Files */ = {
			isa = PBXGroup;
			children = (
				5FE8640C1A41ECEA00BB8808 /* Info.plist */,
			);
			name = "Supporting Files";
			sourceTree = "<group>";
		};
		5FE864221A41ECEA00BB8808 /* GoodMorningTests */ = {
			isa = PBXGroup;
			children = (
				5FE864251A41ECEA00BB8808 /* GoodMorningTests.swift */,
				5FE864231A41ECEA00BB8808 /* Supporting Files */,
			);
			path = GoodMorningTests;
			sourceTree = "<group>";
		};
		5FE864231A41ECEA00BB8808 /* Supporting Files */ = {
			isa = PBXGroup;
			children = (
				5FE864241A41ECEA00BB8808 /* Info.plist */,
			);
			name = "Supporting Files";
			sourceTree = "<group>";
		};
		5FFC6CA41A43532400993B28 /* png */ = {
			isa = PBXGroup;
			children = (
				5F9B148B1A44CAEC00613E44 /* white.png */,
				5FFC6CA51A43532400993B28 /* add121.png */,
				5F9B14831A44AD2100613E44 /* alarmsday.png */,
				5F9B14841A44AD2100613E44 /* alarmsnight.png */,
				5F9B14851A44AD2100613E44 /* weatherday.png */,
				5F9B14861A44AD2100613E44 /* weathernight.png */,
				5FFC6CA61A43532400993B28 /* approve9.png */,
				5FFC6CA71A43532400993B28 /* back28.png */,
				5FFC6CA81A43532400993B28 /* chat44.png */,
				5FFC6CA91A43532400993B28 /* circular191.png */,
				5FFC6CAA1A43532400993B28 /* circular194.png */,
				5FFC6CAB1A43532400993B28 /* close33.png */,
				5FFC6CAC1A43532400993B28 /* configuration12.png */,
				5FFC6CAD1A43532400993B28 /* double89.png */,
				5FFC6CAE1A43532400993B28 /* down51.png */,
				5FFC6CAF1A43532400993B28 /* exclamation22.png */,
				5FFC6CB01A43532400993B28 /* favourite15.png */,
				5FFC6CB11A43532400993B28 /* internet28.png */,
				5FFC6CB21A43532400993B28 /* like47.png */,
				5FFC6CB31A43532400993B28 /* menu33.png */,
				5FFC6CB41A43532400993B28 /* minus65.png */,
				5FFC6CB51A43532400993B28 /* mode.png */,
				5FFC6CB61A43532400993B28 /* placeholder14.png */,
				5FFC6CB71A43532400993B28 /* right127.png */,
				5FFC6CB81A43532400993B28 /* search67.png */,
			);
			name = png;
			path = "../../../Dropbox/Carleton/Year 4.2/Honours/circled-vol1/png";
			sourceTree = "<group>";
		};
/* End PBXGroup section */

/* Begin PBXNativeTarget section */
		5FE864071A41ECEA00BB8808 /* GoodMorning */ = {
			isa = PBXNativeTarget;
			buildConfigurationList = 5FE864291A41ECEA00BB8808 /* Build configuration list for PBXNativeTarget "GoodMorning" */;
			buildPhases = (
				5FE864041A41ECEA00BB8808 /* Sources */,
				5FE864051A41ECEA00BB8808 /* Frameworks */,
				5FE864061A41ECEA00BB8808 /* Resources */,
				5FC32F411A423AC400F9EB26 /* Copy Files (1 item) */,
			);
			buildRules = (
			);
			dependencies = (
				5FC32F401A423AAC00F9EB26 /* PBXTargetDependency */,
			);
			name = GoodMorning;
			productName = GoodMorning;
			productReference = 5FE864081A41ECEA00BB8808 /* GoodMorning.app */;
			productType = "com.apple.product-type.application";
		};
		5FE8641E1A41ECEA00BB8808 /* GoodMorningTests */ = {
			isa = PBXNativeTarget;
			buildConfigurationList = 5FE8642C1A41ECEA00BB8808 /* Build configuration list for PBXNativeTarget "GoodMorningTests" */;
			buildPhases = (
				5FE8641B1A41ECEA00BB8808 /* Sources */,
				5FE8641C1A41ECEA00BB8808 /* Frameworks */,
				5FE8641D1A41ECEA00BB8808 /* Resources */,
			);
			buildRules = (
			);
			dependencies = (
				5FE864211A41ECEA00BB8808 /* PBXTargetDependency */,
			);
			name = GoodMorningTests;
			productName = GoodMorningTests;
			productReference = 5FE8641F1A41ECEA00BB8808 /* GoodMorningTests.xctest */;
			productType = "com.apple.product-type.bundle.unit-test";
		};
/* End PBXNativeTarget section */

/* Begin PBXProject section */
		5FE864001A41ECEA00BB8808 /* Project object */ = {
			isa = PBXProject;
			attributes = {
				LastUpgradeCheck = 0610;
				ORGANIZATIONNAME = "Ben Sweett";
				TargetAttributes = {
					5FE864071A41ECEA00BB8808 = {
						CreatedOnToolsVersion = 6.1.1;
						DevelopmentTeam = ENAB6SE373;
					};
					5FE8641E1A41ECEA00BB8808 = {
						CreatedOnToolsVersion = 6.1.1;
						TestTargetID = 5FE864071A41ECEA00BB8808;
					};
				};
			};
			buildConfigurationList = 5FE864031A41ECEA00BB8808 /* Build configuration list for PBXProject "GoodMorning" */;
			compatibilityVersion = "Xcode 3.2";
			developmentRegion = English;
			hasScannedForEncodings = 0;
			knownRegions = (
				en,
				Base,
			);
			mainGroup = 5FE863FF1A41ECEA00BB8808;
			productRefGroup = 5FE864091A41ECEA00BB8808 /* Products */;
			projectDirPath = "";
			projectReferences = (
				{
					ProductGroup = 5FC32F371A4239FA00F9EB26 /* Products */;
					ProjectRef = 5FC32F361A4239FA00F9EB26 /* Alamofire.xcodeproj */;
				},
			);
			projectRoot = "";
			targets = (
				5FE864071A41ECEA00BB8808 /* GoodMorning */,
				5FE8641E1A41ECEA00BB8808 /* GoodMorningTests */,
			);
		};
/* End PBXProject section */

/* Begin PBXReferenceProxy section */
		5FC32F3C1A4239FA00F9EB26 /* Alamofire.framework */ = {
			isa = PBXReferenceProxy;
			fileType = wrapper.framework;
			path = Alamofire.framework;
			remoteRef = 5FC32F3B1A4239FA00F9EB26 /* PBXContainerItemProxy */;
			sourceTree = BUILT_PRODUCTS_DIR;
		};
		5FC32F3E1A4239FA00F9EB26 /* AlamofireTests.xctest */ = {
			isa = PBXReferenceProxy;
			fileType = wrapper.cfbundle;
			path = AlamofireTests.xctest;
			remoteRef = 5FC32F3D1A4239FA00F9EB26 /* PBXContainerItemProxy */;
			sourceTree = BUILT_PRODUCTS_DIR;
		};
/* End PBXReferenceProxy section */

/* Begin PBXResourcesBuildPhase section */
		5FE864061A41ECEA00BB8808 /* Resources */ = {
			isa = PBXResourcesBuildPhase;
			buildActionMask = 2147483647;
			files = (
				5FE864151A41ECEA00BB8808 /* Main.storyboard in Resources */,
				5FFC6CC01A43532400993B28 /* configuration12.png in Resources */,
				5FE8641A1A41ECEA00BB8808 /* LaunchScreen.xib in Resources */,
				5FFC6CC31A43532400993B28 /* exclamation22.png in Resources */,
				5FFC6CC51A43532400993B28 /* internet28.png in Resources */,
				5F9B148C1A44CAEC00613E44 /* white.png in Resources */,
				5FFC6CC11A43532400993B28 /* double89.png in Resources */,
				5FFC6CC71A43532400993B28 /* menu33.png in Resources */,
				5FFC6CCB1A43532400993B28 /* right127.png in Resources */,
				5FFC6CBD1A43532400993B28 /* circular191.png in Resources */,
				5FFC6CBA1A43532400993B28 /* approve9.png in Resources */,
				5FFC6CB91A43532400993B28 /* add121.png in Resources */,
				5FFC6CC61A43532400993B28 /* like47.png in Resources */,
				5F9B148A1A44AD2100613E44 /* weathernight.png in Resources */,
				5FFC6CBC1A43532400993B28 /* chat44.png in Resources */,
				5FFC6CBB1A43532400993B28 /* back28.png in Resources */,
				5F9B14871A44AD2100613E44 /* alarmsday.png in Resources */,
				5FFC6CC21A43532400993B28 /* down51.png in Resources */,
				5F9B14881A44AD2100613E44 /* alarmsnight.png in Resources */,
				5FFC6CBE1A43532400993B28 /* circular194.png in Resources */,
				5FFC6CCA1A43532400993B28 /* placeholder14.png in Resources */,
				5FFC6CC41A43532400993B28 /* favourite15.png in Resources */,
				5FFC6CCC1A43532400993B28 /* search67.png in Resources */,
				5FFC6CC91A43532400993B28 /* mode.png in Resources */,
				5FFC6CBF1A43532400993B28 /* close33.png in Resources */,
				5F9B14891A44AD2100613E44 /* weatherday.png in Resources */,
				5FFC6CC81A43532400993B28 /* minus65.png in Resources */,
				5FE864171A41ECEA00BB8808 /* Images.xcassets in Resources */,
			);
			runOnlyForDeploymentPostprocessing = 0;
		};
		5FE8641D1A41ECEA00BB8808 /* Resources */ = {
			isa = PBXResourcesBuildPhase;
			buildActionMask = 2147483647;
			files = (
			);
			runOnlyForDeploymentPostprocessing = 0;
		};
/* End PBXResourcesBuildPhase section */

/* Begin PBXSourcesBuildPhase section */
		5FE864041A41ECEA00BB8808 /* Sources */ = {
			isa = PBXSourcesBuildPhase;
			buildActionMask = 2147483647;
			files = (
				5F6110C61A42014000B83410 /* TextToSpeech.swift in Sources */,
				5F80FF121A4369EB00727E25 /* LocationManager.swift in Sources */,
				5F744B411A420E9400F4C675 /* SwiftyJSON.swift in Sources */,
				5F744B7B1A421C8E00F4C675 /* NewsViewController.swift in Sources */,
				5F744B901A42229D00F4C675 /* WeatherManager.swift in Sources */,
				5F744B751A421A5400F4C675 /* AlarmsViewController.swift in Sources */,
				5FC32F441A4257B200F9EB26 /* Alarm.swift in Sources */,
				5F744B921A4223BF00F4C675 /* Weather.swift in Sources */,
				5F744B3C1A420C3800F4C675 /* AlertType.swift in Sources */,
				5F744B3A1A420BA900F4C675 /* TaskType.swift in Sources */,
				5F7F372F1A42649A004B7439 /* AlarmDetailViewController.swift in Sources */,
				5F744B381A420B2400F4C675 /* Task.swift in Sources */,
				5F7F372C1A425956004B7439 /* Settings.swift in Sources */,
				5F744B771A421C3A00F4C675 /* TasksViewController.swift in Sources */,
				5F80FF151A43B30B00727E25 /* InstallViewController.swift in Sources */,
				5F744B3E1A420CA900F4C675 /* RepeatType.swift in Sources */,
				5FE8640E1A41ECEA00BB8808 /* AppDelegate.swift in Sources */,
				5F744B791A421C7E00F4C675 /* WeatherViewController.swift in Sources */,
				5F80FF171A43B3A400727E25 /* User.swift in Sources */,
			);
			runOnlyForDeploymentPostprocessing = 0;
		};
		5FE8641B1A41ECEA00BB8808 /* Sources */ = {
			isa = PBXSourcesBuildPhase;
			buildActionMask = 2147483647;
			files = (
				5FE864261A41ECEA00BB8808 /* GoodMorningTests.swift in Sources */,
			);
			runOnlyForDeploymentPostprocessing = 0;
		};
/* End PBXSourcesBuildPhase section */

/* Begin PBXTargetDependency section */
		5FC32F401A423AAC00F9EB26 /* PBXTargetDependency */ = {
			isa = PBXTargetDependency;
			name = Alamofire;
			targetProxy = 5FC32F3F1A423AAC00F9EB26 /* PBXContainerItemProxy */;
		};
		5FE864211A41ECEA00BB8808 /* PBXTargetDependency */ = {
			isa = PBXTargetDependency;
			target = 5FE864071A41ECEA00BB8808 /* GoodMorning */;
			targetProxy = 5FE864201A41ECEA00BB8808 /* PBXContainerItemProxy */;
		};
/* End PBXTargetDependency section */

/* Begin PBXVariantGroup section */
		5FE864131A41ECEA00BB8808 /* Main.storyboard */ = {
			isa = PBXVariantGroup;
			children = (
				5FE864141A41ECEA00BB8808 /* Base */,
			);
			name = Main.storyboard;
			sourceTree = "<group>";
		};
		5FE864181A41ECEA00BB8808 /* LaunchScreen.xib */ = {
			isa = PBXVariantGroup;
			children = (
				5FE864191A41ECEA00BB8808 /* Base */,
			);
			name = LaunchScreen.xib;
			sourceTree = "<group>";
		};
/* End PBXVariantGroup section */

/* Begin XCBuildConfiguration section */
		5FE864271A41ECEA00BB8808 /* Debug */ = {
			isa = XCBuildConfiguration;
			buildSettings = {
				ALWAYS_SEARCH_USER_PATHS = NO;
				CLANG_CXX_LANGUAGE_STANDARD = "gnu++0x";
				CLANG_CXX_LIBRARY = "libc++";
				CLANG_ENABLE_MODULES = YES;
				CLANG_ENABLE_OBJC_ARC = YES;
				CLANG_WARN_BOOL_CONVERSION = YES;
				CLANG_WARN_CONSTANT_CONVERSION = YES;
				CLANG_WARN_DIRECT_OBJC_ISA_USAGE = YES_ERROR;
				CLANG_WARN_EMPTY_BODY = YES;
				CLANG_WARN_ENUM_CONVERSION = YES;
				CLANG_WARN_INT_CONVERSION = YES;
				CLANG_WARN_OBJC_ROOT_CLASS = YES_ERROR;
				CLANG_WARN_UNREACHABLE_CODE = YES;
				CLANG_WARN__DUPLICATE_METHOD_MATCH = YES;
				"CODE_SIGN_IDENTITY[sdk=iphoneos*]" = "iPhone Developer";
				COPY_PHASE_STRIP = NO;
				ENABLE_STRICT_OBJC_MSGSEND = YES;
				GCC_C_LANGUAGE_STANDARD = gnu99;
				GCC_DYNAMIC_NO_PIC = NO;
				GCC_OPTIMIZATION_LEVEL = 0;
				GCC_PREPROCESSOR_DEFINITIONS = (
					"DEBUG=1",
					"$(inherited)",
				);
				GCC_SYMBOLS_PRIVATE_EXTERN = NO;
				GCC_WARN_64_TO_32_BIT_CONVERSION = YES;
				GCC_WARN_ABOUT_RETURN_TYPE = YES_ERROR;
				GCC_WARN_UNDECLARED_SELECTOR = YES;
				GCC_WARN_UNINITIALIZED_AUTOS = YES_AGGRESSIVE;
				GCC_WARN_UNUSED_FUNCTION = YES;
				GCC_WARN_UNUSED_VARIABLE = YES;
				IPHONEOS_DEPLOYMENT_TARGET = 8.1;
				MTL_ENABLE_DEBUG_INFO = YES;
				ONLY_ACTIVE_ARCH = YES;
				SDKROOT = iphoneos;
				SWIFT_OPTIMIZATION_LEVEL = "-Onone";
				TARGETED_DEVICE_FAMILY = "1,2";
			};
			name = Debug;
		};
		5FE864281A41ECEA00BB8808 /* Release */ = {
			isa = XCBuildConfiguration;
			buildSettings = {
				ALWAYS_SEARCH_USER_PATHS = NO;
				CLANG_CXX_LANGUAGE_STANDARD = "gnu++0x";
				CLANG_CXX_LIBRARY = "libc++";
				CLANG_ENABLE_MODULES = YES;
				CLANG_ENABLE_OBJC_ARC = YES;
				CLANG_WARN_BOOL_CONVERSION = YES;
				CLANG_WARN_CONSTANT_CONVERSION = YES;
				CLANG_WARN_DIRECT_OBJC_ISA_USAGE = YES_ERROR;
				CLANG_WARN_EMPTY_BODY = YES;
				CLANG_WARN_ENUM_CONVERSION = YES;
				CLANG_WARN_INT_CONVERSION = YES;
				CLANG_WARN_OBJC_ROOT_CLASS = YES_ERROR;
				CLANG_WARN_UNREACHABLE_CODE = YES;
				CLANG_WARN__DUPLICATE_METHOD_MATCH = YES;
				"CODE_SIGN_IDENTITY[sdk=iphoneos*]" = "iPhone Developer";
				COPY_PHASE_STRIP = YES;
				ENABLE_NS_ASSERTIONS = NO;
				ENABLE_STRICT_OBJC_MSGSEND = YES;
				GCC_C_LANGUAGE_STANDARD = gnu99;
				GCC_WARN_64_TO_32_BIT_CONVERSION = YES;
				GCC_WARN_ABOUT_RETURN_TYPE = YES_ERROR;
				GCC_WARN_UNDECLARED_SELECTOR = YES;
				GCC_WARN_UNINITIALIZED_AUTOS = YES_AGGRESSIVE;
				GCC_WARN_UNUSED_FUNCTION = YES;
				GCC_WARN_UNUSED_VARIABLE = YES;
				IPHONEOS_DEPLOYMENT_TARGET = 8.1;
				MTL_ENABLE_DEBUG_INFO = NO;
				SDKROOT = iphoneos;
				TARGETED_DEVICE_FAMILY = "1,2";
				VALIDATE_PRODUCT = YES;
			};
			name = Release;
		};
		5FE8642A1A41ECEA00BB8808 /* Debug */ = {
			isa = XCBuildConfiguration;
			buildSettings = {
				ASSETCATALOG_COMPILER_APPICON_NAME = AppIcon;
				CLANG_ENABLE_MODULES = YES;
				CODE_SIGN_IDENTITY = "iPhone Developer";
				FRAMEWORK_SEARCH_PATHS = (
					"$(inherited)",
					/Users/bensweett/Documents/DragonMobileSDK_1.4.12,
					"$(PROJECT_DIR)/GoodMorning",
				);
				INFOPLIST_FILE = GoodMorning/Info.plist;
				LD_RUNPATH_SEARCH_PATHS = "$(inherited) @executable_path/Frameworks";
				PRODUCT_NAME = "$(TARGET_NAME)";
				SWIFT_OBJC_BRIDGING_HEADER = "GoodMorning/GoodMorning-Bridging-Header.h";
				SWIFT_OPTIMIZATION_LEVEL = "-Onone";
				TARGETED_DEVICE_FAMILY = 2;
			};
			name = Debug;
		};
		5FE8642B1A41ECEA00BB8808 /* Release */ = {
			isa = XCBuildConfiguration;
			buildSettings = {
				ASSETCATALOG_COMPILER_APPICON_NAME = AppIcon;
				CLANG_ENABLE_MODULES = YES;
				CODE_SIGN_IDENTITY = "iPhone Developer";
				FRAMEWORK_SEARCH_PATHS = (
					"$(inherited)",
					/Users/bensweett/Documents/DragonMobileSDK_1.4.12,
					"$(PROJECT_DIR)/GoodMorning",
				);
				INFOPLIST_FILE = GoodMorning/Info.plist;
				LD_RUNPATH_SEARCH_PATHS = "$(inherited) @executable_path/Frameworks";
				PRODUCT_NAME = "$(TARGET_NAME)";
				SWIFT_OBJC_BRIDGING_HEADER = "GoodMorning/GoodMorning-Bridging-Header.h";
				TARGETED_DEVICE_FAMILY = 2;
			};
			name = Release;
		};
		5FE8642D1A41ECEA00BB8808 /* Debug */ = {
			isa = XCBuildConfiguration;
			buildSettings = {
				BUNDLE_LOADER = "$(TEST_HOST)";
				FRAMEWORK_SEARCH_PATHS = (
					"$(SDKROOT)/Developer/Library/Frameworks",
					"$(inherited)",
				);
				GCC_PREPROCESSOR_DEFINITIONS = (
					"DEBUG=1",
					"$(inherited)",
				);
				INFOPLIST_FILE = GoodMorningTests/Info.plist;
				LD_RUNPATH_SEARCH_PATHS = "$(inherited) @executable_path/Frameworks @loader_path/Frameworks";
				PRODUCT_NAME = "$(TARGET_NAME)";
				TEST_HOST = "$(BUILT_PRODUCTS_DIR)/GoodMorning.app/GoodMorning";
			};
			name = Debug;
		};
		5FE8642E1A41ECEA00BB8808 /* Release */ = {
			isa = XCBuildConfiguration;
			buildSettings = {
				BUNDLE_LOADER = "$(TEST_HOST)";
				FRAMEWORK_SEARCH_PATHS = (
					"$(SDKROOT)/Developer/Library/Frameworks",
					"$(inherited)",
				);
				INFOPLIST_FILE = GoodMorningTests/Info.plist;
				LD_RUNPATH_SEARCH_PATHS = "$(inherited) @executable_path/Frameworks @loader_path/Frameworks";
				PRODUCT_NAME = "$(TARGET_NAME)";
				TEST_HOST = "$(BUILT_PRODUCTS_DIR)/GoodMorning.app/GoodMorning";
			};
			name = Release;
		};
/* End XCBuildConfiguration section */

/* Begin XCConfigurationList section */
		5FE864031A41ECEA00BB8808 /* Build configuration list for PBXProject "GoodMorning" */ = {
			isa = XCConfigurationList;
			buildConfigurations = (
				5FE864271A41ECEA00BB8808 /* Debug */,
				5FE864281A41ECEA00BB8808 /* Release */,
			);
			defaultConfigurationIsVisible = 0;
			defaultConfigurationName = Release;
		};
		5FE864291A41ECEA00BB8808 /* Build configuration list for PBXNativeTarget "GoodMorning" */ = {
			isa = XCConfigurationList;
			buildConfigurations = (
				5FE8642A1A41ECEA00BB8808 /* Debug */,
				5FE8642B1A41ECEA00BB8808 /* Release */,
			);
			defaultConfigurationIsVisible = 0;
			defaultConfigurationName = Release;
		};
		5FE8642C1A41ECEA00BB8808 /* Build configuration list for PBXNativeTarget "GoodMorningTests" */ = {
			isa = XCConfigurationList;
			buildConfigurations = (
				5FE8642D1A41ECEA00BB8808 /* Debug */,
				5FE8642E1A41ECEA00BB8808 /* Release */,
			);
			defaultConfigurationIsVisible = 0;
			defaultConfigurationName = Release;
		};
/* End XCConfigurationList section */
	};
	rootObject = 5FE864001A41ECEA00BB8808 /* Project object */;
}
